
Microsoft Visual Studio Solution File, Format Version 12.00
# Visual Studio Version 16
VisualStudioVersion = 16.0.30907.101
MinimumVisualStudioVersion = 10.0.40219.1
Project("{FAE04EC0-301F-11D3-BF4B-00C04F79EFBC}") = "BugVenture", "BugVenture\BugVenture.csproj", "{A39E2AE0-DBFE-45FC-8953-D2F7778CE248}"
EndProject
Project("{FAE04EC0-301F-11D3-BF4B-00C04F79EFBC}") = "Engine", "Engine\Engine.csproj", "{5E07D684-F363-4A20-9E40-CDDC8C21C4A5}"
EndProject
Project("{FAE04EC0-301F-11D3-BF4B-00C04F79EFBC}") = "BugVentureConsole", "BugVentureConsole\BugVentureConsole.csproj", "{543DFB6E-0723-4EA6-B5E2-35A71CCD24F5}"
EndProject
Global
	GlobalSection(SolutionConfigurationPlatforms) = preSolution
		Debug|Any CPU = Debug|Any CPU
		Release|Any CPU = Release|Any CPU
	EndGlobalSection
	GlobalSection(ProjectConfigurationPlatforms) = postSolution
		{A39E2AE0-DBFE-45FC-8953-D2F7778CE248}.Debug|Any CPU.ActiveCfg = Debug|Any CPU
		{A39E2AE0-DBFE-45FC-8953-D2F7778CE248}.Debug|Any CPU.Build.0 = Debug|Any CPU
		{A39E2AE0-DBFE-45FC-8953-D2F7778CE248}.Release|Any CPU.ActiveCfg = Release|Any CPU
		{A39E2AE0-DBFE-45FC-8953-D2F7778CE248}.Release|Any CPU.Build.0 = Release|Any CPU
		{5E07D684-F363-4A20-9E40-CDDC8C21C4A5}.Debug|Any CPU.ActiveCfg = Debug|Any CPU
		{5E07D684-F363-4A20-9E40-CDDC8C21C4A5}.Debug|Any CPU.Build.0 = Debug|Any CPU
		{5E07D684-F363-4A20-9E40-CDDC8C21C4A5}.Release|Any CPU.ActiveCfg = Release|Any CPU
		{5E07D684-F363-4A20-9E40-CDDC8C21C4A5}.Release|Any CPU.Build.0 = Release|Any CPU
		{543DFB6E-0723-4EA6-B5E2-35A71CCD24F5}.Debug|Any CPU.ActiveCfg = Debug|Any CPU
		{543DFB6E-0723-4EA6-B5E2-35A71CCD24F5}.Debug|Any CPU.Build.0 = Debug|Any CPU
		{543DFB6E-0723-4EA6-B5E2-35A71CCD24F5}.Release|Any CPU.ActiveCfg = Release|Any CPU
		{543DFB6E-0723-4EA6-B5E2-35A71CCD24F5}.Release|Any CPU.Build.0 = Release|Any CPU
	EndGlobalSection
	GlobalSection(SolutionProperties) = preSolution
		HideSolutionNode = FALSE
	EndGlobalSection
	GlobalSection(ExtensibilityGlobals) = postSolution
		SolutionGuid = {7A87B6B9-7F73-4A1F-BC47-8D912AB0788B}
	EndGlobalSection
EndGlobal
